
Microsoft Visual Studio Solution File, Format Version 12.00
Project("{FAE04EC0-301F-11D3-BF4B-00C04F79EFBC}") = "API-GATEWAY", "API-GATEWAY\API-GATEWAY.csproj", "{6AC7A813-014E-4DF6-99B0-45561B64BD18}"
EndProject
Project("{FAE04EC0-301F-11D3-BF4B-00C04F79EFBC}") = "Identity", "Identity\Identity.csproj", "{4D24D5EE-C958-4FBB-8644-DA583CBF312A}"
EndProject
Project("{FAE04EC0-301F-11D3-BF4B-00C04F79EFBC}") = "DocumentManagement", "DocumentManagement\DocumentManagement.csproj", "{C8C5449E-0FCB-404F-9364-125918E8A2EF}"
EndProject
Global
	GlobalSection(SolutionConfigurationPlatforms) = preSolution
		Debug|Any CPU = Debug|Any CPU
		Release|Any CPU = Release|Any CPU
	EndGlobalSection
	GlobalSection(ProjectConfigurationPlatforms) = postSolution
		{6AC7A813-014E-4DF6-99B0-45561B64BD18}.Debug|Any CPU.ActiveCfg = Debug|Any CPU
		{6AC7A813-014E-4DF6-99B0-45561B64BD18}.Debug|Any CPU.Build.0 = Debug|Any CPU
		{6AC7A813-014E-4DF6-99B0-45561B64BD18}.Release|Any CPU.ActiveCfg = Release|Any CPU
		{6AC7A813-014E-4DF6-99B0-45561B64BD18}.Release|Any CPU.Build.0 = Release|Any CPU
		{4D24D5EE-C958-4FBB-8644-DA583CBF312A}.Debug|Any CPU.ActiveCfg = Debug|Any CPU
		{4D24D5EE-C958-4FBB-8644-DA583CBF312A}.Debug|Any CPU.Build.0 = Debug|Any CPU
		{4D24D5EE-C958-4FBB-8644-DA583CBF312A}.Release|Any CPU.ActiveCfg = Release|Any CPU
		{4D24D5EE-C958-4FBB-8644-DA583CBF312A}.Release|Any CPU.Build.0 = Release|Any CPU
		{C8C5449E-0FCB-404F-9364-125918E8A2EF}.Debug|Any CPU.ActiveCfg = Debug|Any CPU
		{C8C5449E-0FCB-404F-9364-125918E8A2EF}.Debug|Any CPU.Build.0 = Debug|Any CPU
		{C8C5449E-0FCB-404F-9364-125918E8A2EF}.Release|Any CPU.ActiveCfg = Release|Any CPU
		{C8C5449E-0FCB-404F-9364-125918E8A2EF}.Release|Any CPU.Build.0 = Release|Any CPU
	EndGlobalSection
EndGlobal
